
Microsoft Visual Studio Solution File, Format Version 12.00
# Visual Studio Version 16
VisualStudioVersion = 16.0.31129.286
MinimumVisualStudioVersion = 10.0.40219.1
Project("{FAE04EC0-301F-11D3-BF4B-00C04F79EFBC}") = "KassirRu", "KassirRu.csproj", "{C9CDFB5C-4DCE-4D80-9770-4E94F7B383C7}"
EndProject
Project("{FAE04EC0-301F-11D3-BF4B-00C04F79EFBC}") = "MyLib", "..\MyLib\MyLib.csproj", "{89C64E70-A5B1-4704-8E2A-0B19AFC492C4}"
EndProject
Project("{FAE04EC0-301F-11D3-BF4B-00C04F79EFBC}") = "LR8_Server", "..\LR8_Server\LR8_Server.csproj", "{F8DD4358-D943-4525-BB25-58D800220542}"
EndProject
Global
	GlobalSection(SolutionConfigurationPlatforms) = preSolution
		Debug|Any CPU = Debug|Any CPU
		Release|Any CPU = Release|Any CPU
	EndGlobalSection
	GlobalSection(ProjectConfigurationPlatforms) = postSolution
		{C9CDFB5C-4DCE-4D80-9770-4E94F7B383C7}.Debug|Any CPU.ActiveCfg = Debug|Any CPU
		{C9CDFB5C-4DCE-4D80-9770-4E94F7B383C7}.Debug|Any CPU.Build.0 = Debug|Any CPU
		{C9CDFB5C-4DCE-4D80-9770-4E94F7B383C7}.Release|Any CPU.ActiveCfg = Release|Any CPU
		{C9CDFB5C-4DCE-4D80-9770-4E94F7B383C7}.Release|Any CPU.Build.0 = Release|Any CPU
		{89C64E70-A5B1-4704-8E2A-0B19AFC492C4}.Debug|Any CPU.ActiveCfg = Debug|Any CPU
		{89C64E70-A5B1-4704-8E2A-0B19AFC492C4}.Debug|Any CPU.Build.0 = Debug|Any CPU
		{89C64E70-A5B1-4704-8E2A-0B19AFC492C4}.Release|Any CPU.ActiveCfg = Release|Any CPU
		{89C64E70-A5B1-4704-8E2A-0B19AFC492C4}.Release|Any CPU.Build.0 = Release|Any CPU
		{F8DD4358-D943-4525-BB25-58D800220542}.Debug|Any CPU.ActiveCfg = Debug|Any CPU
		{F8DD4358-D943-4525-BB25-58D800220542}.Debug|Any CPU.Build.0 = Debug|Any CPU
		{F8DD4358-D943-4525-BB25-58D800220542}.Release|Any CPU.ActiveCfg = Release|Any CPU
		{F8DD4358-D943-4525-BB25-58D800220542}.Release|Any CPU.Build.0 = Release|Any CPU
	EndGlobalSection
	GlobalSection(SolutionProperties) = preSolution
		HideSolutionNode = FALSE
	EndGlobalSection
	GlobalSection(ExtensibilityGlobals) = postSolution
		SolutionGuid = {9E2B6172-3DD4-4920-9892-D528A0C97AB1}
	EndGlobalSection
EndGlobal
